{
  "version": 4,
  "terraform_version": "1.2.8",
  "serial": 16,
  "lineage": "af2dd638-59ac-4b36-aae8-b0205b64df86",
  "outputs": {},
  "resources": [
    {
      "mode": "managed",
      "type": "digitalocean_domain",
      "name": "terraformdomain",
      "provider": "provider[\"registry.terraform.io/digitalocean/digitalocean\"]",
      "instances": [
        {
          "schema_version": 0,
          "attributes": {
            "id": "terraformgit.com",
            "ip_address": null,
            "name": "terraformgit.com",
            "ttl": 1800,
            "urn": "do:domain:terraformgit.com"
          },
          "sensitive_attributes": [],
          "private": "bnVsbA=="
        }
      ]
    },
    {
      "mode": "managed",
      "type": "digitalocean_droplet",
      "name": "gitlab",
      "provider": "provider[\"registry.terraform.io/digitalocean/digitalocean\"]",
      "instances": [
        {
          "schema_version": 1,
          "attributes": {
            "backups": false,
            "created_at": "2022-09-04T20:17:27Z",
            "disk": 160,
            "droplet_agent": null,
            "graceful_shutdown": false,
            "id": "315343134",
            "image": "ubuntu-18-04-x64",
            "ipv4_address": "143.198.175.40",
            "ipv4_address_private": "10.116.0.2",
            "ipv6": false,
            "ipv6_address": "",
            "locked": false,
            "memory": 8192,
            "monitoring": false,
            "name": "gitlab-1",
            "price_hourly": 0.07143,
            "price_monthly": 48,
            "private_networking": true,
            "region": "nyc1",
            "resize_disk": true,
            "size": "s-4vcpu-8gb",
            "ssh_keys": [
              "e5:8a:19:1f:8e:35:0d:cd:5b:6d:e8:97:88:85:85:af"
            ],
            "status": "active",
            "tags": null,
            "timeouts": null,
            "urn": "do:droplet:315343134",
            "user_data": "7dcc466d8992d809e8a2debe412dd0623be6e369",
            "vcpus": 4,
            "volume_ids": [],
            "vpc_uuid": "aa41712f-9322-4be5-8498-9ea81ce82759"
          },
          "sensitive_attributes": [],
          "private": "eyJlMmJmYjczMC1lY2FhLTExZTYtOGY4OC0zNDM2M2JjN2M0YzAiOnsiY3JlYXRlIjozNjAwMDAwMDAwMDAwLCJkZWxldGUiOjYwMDAwMDAwMDAwLCJ1cGRhdGUiOjM2MDAwMDAwMDAwMDB9LCJzY2hlbWFfdmVyc2lvbiI6IjEifQ==",
          "dependencies": [
            "digitalocean_ssh_key.gitlab_ssh_key"
          ]
        }
      ]
    },
    {
      "mode": "managed",
      "type": "digitalocean_kubernetes_cluster",
      "name": "terraform-cluster",
      "provider": "provider[\"registry.terraform.io/digitalocean/digitalocean\"]",
      "instances": [
        {
          "schema_version": 3,
          "attributes": {
            "auto_upgrade": false,
            "cluster_subnet": "10.244.0.0/16",
            "created_at": "2022-09-04 20:07:37 +0000 UTC",
            "endpoint": "https://b59e49e6-6528-42a6-a67b-23ece279305e.k8s.ondigitalocean.com",
            "ha": false,
            "id": "b59e49e6-6528-42a6-a67b-23ece279305e",
            "ipv4_address": "",
            "kube_config": [
              {
                "client_certificate": "",
                "client_key": "",
                "cluster_ca_certificate": "LS0tLS1CRUdJTiBDRVJUSUZJQ0FURS0tLS0tCk1JSURKekNDQWcrZ0F3SUJBZ0lDQm5Vd0RRWUpLb1pJaHZjTkFRRUxCUUF3TXpFVk1CTUdBMVVFQ2hNTVJHbG4KYVhSaGJFOWpaV0Z1TVJvd0dBWURWUVFERXhGck9ITmhZWE1nUTJ4MWMzUmxjaUJEUVRBZUZ3MHlNakE1TURReQpNREEzTkROYUZ3MDBNakE1TURReU1EQTNORE5hTURNeEZUQVRCZ05WQkFvVERFUnBaMmwwWVd4UFkyVmhiakVhCk1CZ0dBMVVFQXhNUmF6aHpZV0Z6SUVOc2RYTjBaWElnUTBFd2dnRWlNQTBHQ1NxR1NJYjNEUUVCQVFVQUE0SUIKRHdBd2dnRUtBb0lCQVFESnVoK1VBbEZtQlFMMzl2c3VwK1pxMXpZTVZuSnkxZGdKV25YUDNMdHBIeEVKZGZIMQpQZjl5d3dTcUJkSlphZXBiQ0NBWEErY0hVcE5OY3JFT2t3Rmg0YytmTVcva21DZlJBcXRYNko5UG9yVmpleXlnCkwwQmEyekJ6TjZSY1dEQnM5QW5sa3NlOGcyci9JY2EvbXF6c1pmSnpqNU5RbXQ4SkpGTHN0MmNVMzVqVEZ2WUEKKzg5bHZJSlV4SDZnQ3doczNib1BLNkxCUU5raWZSdVFrMG5Icnkxa1R1bkxBRDlpLzFQTlhka2VpYk1rZE9OTApPVVp6M24yUGN2d1NIV2NZWnhFdjdkdTNBdmtRMkxnclZUVVhPY1R4czNWdGJodnRZd3p5WlpHdDhydkk1WDRFCmVWNXhPc1dpakFmN1FhZ3lYY1JUZ3ljZXltdlBTelVpY01SbEFnTUJBQUdqUlRCRE1BNEdBMVVkRHdFQi93UUUKQXdJQmhqQVNCZ05WSFJNQkFmOEVDREFHQVFIL0FnRUFNQjBHQTFVZERnUVdCQlN3ZTN1b0xOR3RyTVFHb2xVcwovVm5RL2kxcUtUQU5CZ2txaGtpRzl3MEJBUXNGQUFPQ0FRRUFRL3RjaVlZdmF0VStueDRLSjFCdmdJQXU3RG5zCmZscnNyMnBDMDdjam9NVlU3YlExVCtuYzlXLzZJZEJwZDdwbHRmZ1ZaRHdvTmdNdkszWjFkT2t4LzJvbFJxZ20KZWxVbXBSdGtSeW9OSDQvYVowY0ZCeXFsZjlCMnNBM2VYTHh3d2dKRmJHOFhRMnViVE9YejR0ZnlhTEFpdlNULwpsclVBT1ZvTlFRWVRpRFhxQk8rSkpnRk55ZlphZnpyY3NRTHZnVDd2R0FlM1U3UnVUU0pMYzhSeTZCaWpxTEtVCnQwWVdDdldVaXdGaDRneGF1eUVObTBqdEgzbFZhbFZlMW53b1BnbWlwSTlSWVRLejFkN2lQZ0hnVVJSaktiakcKbkNnaHlqcmRLbkFxRy8xblYyNnd5UXA5REkzZmtvcjRub2pjMzZ4aXgxajFCQWxYUXdLSnBmcnA2Zz09Ci0tLS0tRU5EIENFUlRJRklDQVRFLS0tLS0K",
                "expires_at": "2022-09-11T20:13:08Z",
                "host": "https://b59e49e6-6528-42a6-a67b-23ece279305e.k8s.ondigitalocean.com",
                "raw_config": "apiVersion: v1\nkind: Config\nclusters:\n- cluster:\n    certificate-authority-data: LS0tLS1CRUdJTiBDRVJUSUZJQ0FURS0tLS0tCk1JSURKekNDQWcrZ0F3SUJBZ0lDQm5Vd0RRWUpLb1pJaHZjTkFRRUxCUUF3TXpFVk1CTUdBMVVFQ2hNTVJHbG4KYVhSaGJFOWpaV0Z1TVJvd0dBWURWUVFERXhGck9ITmhZWE1nUTJ4MWMzUmxjaUJEUVRBZUZ3MHlNakE1TURReQpNREEzTkROYUZ3MDBNakE1TURReU1EQTNORE5hTURNeEZUQVRCZ05WQkFvVERFUnBaMmwwWVd4UFkyVmhiakVhCk1CZ0dBMVVFQXhNUmF6aHpZV0Z6SUVOc2RYTjBaWElnUTBFd2dnRWlNQTBHQ1NxR1NJYjNEUUVCQVFVQUE0SUIKRHdBd2dnRUtBb0lCQVFESnVoK1VBbEZtQlFMMzl2c3VwK1pxMXpZTVZuSnkxZGdKV25YUDNMdHBIeEVKZGZIMQpQZjl5d3dTcUJkSlphZXBiQ0NBWEErY0hVcE5OY3JFT2t3Rmg0YytmTVcva21DZlJBcXRYNko5UG9yVmpleXlnCkwwQmEyekJ6TjZSY1dEQnM5QW5sa3NlOGcyci9JY2EvbXF6c1pmSnpqNU5RbXQ4SkpGTHN0MmNVMzVqVEZ2WUEKKzg5bHZJSlV4SDZnQ3doczNib1BLNkxCUU5raWZSdVFrMG5Icnkxa1R1bkxBRDlpLzFQTlhka2VpYk1rZE9OTApPVVp6M24yUGN2d1NIV2NZWnhFdjdkdTNBdmtRMkxnclZUVVhPY1R4czNWdGJodnRZd3p5WlpHdDhydkk1WDRFCmVWNXhPc1dpakFmN1FhZ3lYY1JUZ3ljZXltdlBTelVpY01SbEFnTUJBQUdqUlRCRE1BNEdBMVVkRHdFQi93UUUKQXdJQmhqQVNCZ05WSFJNQkFmOEVDREFHQVFIL0FnRUFNQjBHQTFVZERnUVdCQlN3ZTN1b0xOR3RyTVFHb2xVcwovVm5RL2kxcUtUQU5CZ2txaGtpRzl3MEJBUXNGQUFPQ0FRRUFRL3RjaVlZdmF0VStueDRLSjFCdmdJQXU3RG5zCmZscnNyMnBDMDdjam9NVlU3YlExVCtuYzlXLzZJZEJwZDdwbHRmZ1ZaRHdvTmdNdkszWjFkT2t4LzJvbFJxZ20KZWxVbXBSdGtSeW9OSDQvYVowY0ZCeXFsZjlCMnNBM2VYTHh3d2dKRmJHOFhRMnViVE9YejR0ZnlhTEFpdlNULwpsclVBT1ZvTlFRWVRpRFhxQk8rSkpnRk55ZlphZnpyY3NRTHZnVDd2R0FlM1U3UnVUU0pMYzhSeTZCaWpxTEtVCnQwWVdDdldVaXdGaDRneGF1eUVObTBqdEgzbFZhbFZlMW53b1BnbWlwSTlSWVRLejFkN2lQZ0hnVVJSaktiakcKbkNnaHlqcmRLbkFxRy8xblYyNnd5UXA5REkzZmtvcjRub2pjMzZ4aXgxajFCQWxYUXdLSnBmcnA2Zz09Ci0tLS0tRU5EIENFUlRJRklDQVRFLS0tLS0K\n    server: https://b59e49e6-6528-42a6-a67b-23ece279305e.k8s.ondigitalocean.com\n  name: do-ams3-terraform-cluster\ncontexts:\n- context:\n    cluster: do-ams3-terraform-cluster\n    user: do-ams3-terraform-cluster-admin\n  name: do-ams3-terraform-cluster\ncurrent-context: do-ams3-terraform-cluster\nusers:\n- name: do-ams3-terraform-cluster-admin\n  user:\n    token: dop_v1_00193cce761708cdbc925bc4afa3f976b72f4cd027417eedc043e95a0dbb3f1a\n",
                "token": "dop_v1_00193cce761708cdbc925bc4afa3f976b72f4cd027417eedc043e95a0dbb3f1a"
              }
            ],
            "maintenance_policy": [
              {
                "day": "any",
                "duration": "4h0m0s",
                "start_time": "12:00"
              }
            ],
            "name": "terraform-cluster",
            "node_pool": [
              {
                "actual_node_count": 2,
                "auto_scale": false,
                "id": "788a1f71-428a-4036-a747-901a00849f73",
                "labels": {},
                "max_nodes": 0,
                "min_nodes": 0,
                "name": "terraform-nodes",
                "node_count": 2,
                "nodes": [
                  {
                    "created_at": "2022-09-04 20:07:37 +0000 UTC",
                    "droplet_id": "315342726",
                    "id": "0a52fadf-c04b-4644-b735-042cc7b44c47",
                    "name": "terraform-nodes-7xrax",
                    "status": "running",
                    "updated_at": "2022-09-04 20:09:43 +0000 UTC"
                  },
                  {
                    "created_at": "2022-09-04 20:07:37 +0000 UTC",
                    "droplet_id": "315342725",
                    "id": "295ef744-eed9-4a00-aba0-1e44008cd14d",
                    "name": "terraform-nodes-7xrao",
                    "status": "running",
                    "updated_at": "2022-09-04 20:09:43 +0000 UTC"
                  }
                ],
                "size": "s-1vcpu-2gb",
                "tags": [],
                "taint": []
              }
            ],
            "region": "ams3",
            "service_subnet": "10.245.0.0/16",
            "status": "running",
            "surge_upgrade": true,
            "tags": [],
            "timeouts": null,
            "updated_at": "2022-09-04 20:13:04 +0000 UTC",
            "urn": "do:kubernetes:b59e49e6-6528-42a6-a67b-23ece279305e",
            "version": "1.23.10-do.0",
            "vpc_uuid": "5c9d7ef6-980a-4283-9990-b20307049e7b"
          },
          "sensitive_attributes": [],
          "private": "eyJlMmJmYjczMC1lY2FhLTExZTYtOGY4OC0zNDM2M2JjN2M0YzAiOnsiY3JlYXRlIjoxODAwMDAwMDAwMDAwfSwic2NoZW1hX3ZlcnNpb24iOiIzIn0="
        }
      ]
    },
    {
      "mode": "managed",
      "type": "digitalocean_record",
      "name": "git",
      "provider": "provider[\"registry.terraform.io/digitalocean/digitalocean\"]",
      "instances": [
        {
          "schema_version": 0,
          "attributes": {
            "domain": "terraformgit.com",
            "flags": 0,
            "fqdn": "git.terraformgit.com",
            "id": "334900772",
            "name": "git",
            "port": 0,
            "priority": 0,
            "tag": "",
            "ttl": 1800,
            "type": "A",
            "value": "143.198.175.40",
            "weight": 0
          },
          "sensitive_attributes": [],
          "private": "bnVsbA==",
          "dependencies": [
            "digitalocean_domain.terraformdomain",
            "digitalocean_droplet.gitlab",
            "digitalocean_ssh_key.gitlab_ssh_key"
          ]
        }
      ]
    },
    {
      "mode": "managed",
      "type": "digitalocean_ssh_key",
      "name": "gitlab_ssh_key",
      "provider": "provider[\"registry.terraform.io/digitalocean/digitalocean\"]",
      "instances": [
        {
          "schema_version": 0,
          "attributes": {
            "fingerprint": "e5:8a:19:1f:8e:35:0d:cd:5b:6d:e8:97:88:85:85:af",
            "id": "36113944",
            "name": "gitlab_ssh_key",
            "public_key": "ssh-rsa AAAAB3NzaC1yc2EAAAADAQABAAABAQCkcMJmE6uz5/p9RMp/wMjGMQXXMMvkJYgueSyAhWkctXf33hgRbVn0GE69Gw/5il4TRuWAe/CjVIrJVmr/y+hzCd6aBgxHZj6vSSLvFGe2ICVxOh9cStqqNDjexpOSIBOtqKUB9yq7k0l9Viz4In4L3r5k/kHqmZdJ+LrsOoCO5tSe0q0dW3y0NudaDNe/ieg2OkQDZr8HXdaCC1huzrVPsEpQKf9uRsFsTavAMmw4akykB88ZKQY9SN55hCDrQjZDMP+UVF1+J6gKd6TmKUswpvFxqNdtkJBQm6Ex0gOo26Tg7eM0GZDw1zGqZkThJymTuBEh+TDWz5nNyJp0uGRD rsa-key-20220828"
          },
          "sensitive_attributes": [],
          "private": "bnVsbA=="
        }
      ]
    },
    {
      "mode": "managed",
      "type": "local_file",
      "name": "kubernetes_config",
      "provider": "provider[\"registry.terraform.io/hashicorp/local\"]",
      "instances": [
        {
          "schema_version": 0,
          "attributes": {
            "content": "apiVersion: v1\nkind: Config\nclusters:\n- cluster:\n    certificate-authority-data: LS0tLS1CRUdJTiBDRVJUSUZJQ0FURS0tLS0tCk1JSURKekNDQWcrZ0F3SUJBZ0lDQm5Vd0RRWUpLb1pJaHZjTkFRRUxCUUF3TXpFVk1CTUdBMVVFQ2hNTVJHbG4KYVhSaGJFOWpaV0Z1TVJvd0dBWURWUVFERXhGck9ITmhZWE1nUTJ4MWMzUmxjaUJEUVRBZUZ3MHlNakE1TURReQpNREEzTkROYUZ3MDBNakE1TURReU1EQTNORE5hTURNeEZUQVRCZ05WQkFvVERFUnBaMmwwWVd4UFkyVmhiakVhCk1CZ0dBMVVFQXhNUmF6aHpZV0Z6SUVOc2RYTjBaWElnUTBFd2dnRWlNQTBHQ1NxR1NJYjNEUUVCQVFVQUE0SUIKRHdBd2dnRUtBb0lCQVFESnVoK1VBbEZtQlFMMzl2c3VwK1pxMXpZTVZuSnkxZGdKV25YUDNMdHBIeEVKZGZIMQpQZjl5d3dTcUJkSlphZXBiQ0NBWEErY0hVcE5OY3JFT2t3Rmg0YytmTVcva21DZlJBcXRYNko5UG9yVmpleXlnCkwwQmEyekJ6TjZSY1dEQnM5QW5sa3NlOGcyci9JY2EvbXF6c1pmSnpqNU5RbXQ4SkpGTHN0MmNVMzVqVEZ2WUEKKzg5bHZJSlV4SDZnQ3doczNib1BLNkxCUU5raWZSdVFrMG5Icnkxa1R1bkxBRDlpLzFQTlhka2VpYk1rZE9OTApPVVp6M24yUGN2d1NIV2NZWnhFdjdkdTNBdmtRMkxnclZUVVhPY1R4czNWdGJodnRZd3p5WlpHdDhydkk1WDRFCmVWNXhPc1dpakFmN1FhZ3lYY1JUZ3ljZXltdlBTelVpY01SbEFnTUJBQUdqUlRCRE1BNEdBMVVkRHdFQi93UUUKQXdJQmhqQVNCZ05WSFJNQkFmOEVDREFHQVFIL0FnRUFNQjBHQTFVZERnUVdCQlN3ZTN1b0xOR3RyTVFHb2xVcwovVm5RL2kxcUtUQU5CZ2txaGtpRzl3MEJBUXNGQUFPQ0FRRUFRL3RjaVlZdmF0VStueDRLSjFCdmdJQXU3RG5zCmZscnNyMnBDMDdjam9NVlU3YlExVCtuYzlXLzZJZEJwZDdwbHRmZ1ZaRHdvTmdNdkszWjFkT2t4LzJvbFJxZ20KZWxVbXBSdGtSeW9OSDQvYVowY0ZCeXFsZjlCMnNBM2VYTHh3d2dKRmJHOFhRMnViVE9YejR0ZnlhTEFpdlNULwpsclVBT1ZvTlFRWVRpRFhxQk8rSkpnRk55ZlphZnpyY3NRTHZnVDd2R0FlM1U3UnVUU0pMYzhSeTZCaWpxTEtVCnQwWVdDdldVaXdGaDRneGF1eUVObTBqdEgzbFZhbFZlMW53b1BnbWlwSTlSWVRLejFkN2lQZ0hnVVJSaktiakcKbkNnaHlqcmRLbkFxRy8xblYyNnd5UXA5REkzZmtvcjRub2pjMzZ4aXgxajFCQWxYUXdLSnBmcnA2Zz09Ci0tLS0tRU5EIENFUlRJRklDQVRFLS0tLS0K\n    server: https://b59e49e6-6528-42a6-a67b-23ece279305e.k8s.ondigitalocean.com\n  name: do-ams3-terraform-cluster\ncontexts:\n- context:\n    cluster: do-ams3-terraform-cluster\n    user: do-ams3-terraform-cluster-admin\n  name: do-ams3-terraform-cluster\ncurrent-context: do-ams3-terraform-cluster\nusers:\n- name: do-ams3-terraform-cluster-admin\n  user:\n    token: dop_v1_00193cce761708cdbc925bc4afa3f976b72f4cd027417eedc043e95a0dbb3f1a\n",
            "content_base64": null,
            "directory_permission": "0777",
            "file_permission": "0777",
            "filename": "kubeconfig.yaml",
            "id": "c01df4d89745033640f5b493f0089f1b0a5156c5",
            "sensitive_content": null,
            "source": null
          },
          "sensitive_attributes": [
            [
              {
                "type": "get_attr",
                "value": "content"
              }
            ]
          ],
          "private": "bnVsbA==",
          "dependencies": [
            "digitalocean_kubernetes_cluster.terraform-cluster"
          ]
        }
      ]
    }
  ]
}
